
Microsoft Visual Studio Solution File, Format Version 12.00
# Visual Studio Version 17
VisualStudioVersion = 17.0.31903.59
MinimumVisualStudioVersion = 10.0.40219.1
Project("{FAE04EC0-301F-11D3-BF4B-00C04F79EFBC}") = "Vortex_Collections_Automator", "Vortex_Collections_Automator.csproj", "{6FA436EE-A69B-40D6-8082-750E27A1946B}"
EndProject
Global
	GlobalSection(SolutionConfigurationPlatforms) = preSolution
		Debug|Any CPU = Debug|Any CPU
		Release|Any CPU = Release|Any CPU
	EndGlobalSection
	GlobalSection(SolutionProperties) = preSolution
		HideSolutionNode = FALSE
	EndGlobalSection
	GlobalSection(ProjectConfigurationPlatforms) = postSolution
		{6FA436EE-A69B-40D6-8082-750E27A1946B}.Debug|Any CPU.ActiveCfg = Debug|Any CPU
		{6FA436EE-A69B-40D6-8082-750E27A1946B}.Debug|Any CPU.Build.0 = Debug|Any CPU
		{6FA436EE-A69B-40D6-8082-750E27A1946B}.Release|Any CPU.ActiveCfg = Release|Any CPU
		{6FA436EE-A69B-40D6-8082-750E27A1946B}.Release|Any CPU.Build.0 = Release|Any CPU
	EndGlobalSection
EndGlobal
